
Microsoft Visual Studio Solution File, Format Version 12.00
# Visual Studio Version 17
VisualStudioVersion = 17.8.34309.116
MinimumVisualStudioVersion = 10.0.40219.1
Project("{FAE04EC0-301F-11D3-BF4B-00C04F79EFBC}") = "22.11 практика задание 9", "22.11 практика задание 9\22.11 практика задание 9.csproj", "{E41F9531-E726-4DCE-B7AB-1871618F63C3}"
EndProject
Global
	GlobalSection(SolutionConfigurationPlatforms) = preSolution
		Debug|Any CPU = Debug|Any CPU
		Release|Any CPU = Release|Any CPU
	EndGlobalSection
	GlobalSection(ProjectConfigurationPlatforms) = postSolution
		{E41F9531-E726-4DCE-B7AB-1871618F63C3}.Debug|Any CPU.ActiveCfg = Debug|Any CPU
		{E41F9531-E726-4DCE-B7AB-1871618F63C3}.Debug|Any CPU.Build.0 = Debug|Any CPU
		{E41F9531-E726-4DCE-B7AB-1871618F63C3}.Release|Any CPU.ActiveCfg = Release|Any CPU
		{E41F9531-E726-4DCE-B7AB-1871618F63C3}.Release|Any CPU.Build.0 = Release|Any CPU
	EndGlobalSection
	GlobalSection(SolutionProperties) = preSolution
		HideSolutionNode = FALSE
	EndGlobalSection
	GlobalSection(ExtensibilityGlobals) = postSolution
		SolutionGuid = {AF8953BC-A2A5-4760-8712-5257DBCFFB36}
	EndGlobalSection
EndGlobal
